
Microsoft Visual Studio Solution File, Format Version 12.00
# Visual Studio Version 17
VisualStudioVersion = 17.7.34031.279
MinimumVisualStudioVersion = 10.0.40219.1
Project("{FAE04EC0-301F-11D3-BF4B-00C04F79EFBC}") = "htb-visual", "htb-visual.csproj", "{E00258C4-30F8-48ED-B92B-A2BA0AB7028D}"
EndProject
Global
	GlobalSection(SolutionConfigurationPlatforms) = preSolution
		Debug|Any CPU = Debug|Any CPU
		Release|Any CPU = Release|Any CPU
	EndGlobalSection
	GlobalSection(ProjectConfigurationPlatforms) = postSolution
		{E00258C4-30F8-48ED-B92B-A2BA0AB7028D}.Debug|Any CPU.ActiveCfg = Debug|Any CPU
		{E00258C4-30F8-48ED-B92B-A2BA0AB7028D}.Debug|Any CPU.Build.0 = Debug|Any CPU
		{E00258C4-30F8-48ED-B92B-A2BA0AB7028D}.Release|Any CPU.ActiveCfg = Release|Any CPU
		{E00258C4-30F8-48ED-B92B-A2BA0AB7028D}.Release|Any CPU.Build.0 = Release|Any CPU
	EndGlobalSection
	GlobalSection(SolutionProperties) = preSolution
		HideSolutionNode = FALSE
	EndGlobalSection
	GlobalSection(ExtensibilityGlobals) = postSolution
		SolutionGuid = {63798BEB-1FF6-4886-B89B-6F85BAADB61E}
	EndGlobalSection
EndGlobal
